
Microsoft Visual Studio Solution File, Format Version 12.00
# Visual Studio 15
VisualStudioVersion = 15.0.28010.2050
MinimumVisualStudioVersion = 10.0.40219.1
Project("{FAE04EC0-301F-11D3-BF4B-00C04F79EFBC}") = "CurrencyVisualization", "CurrencyVisualization\CurrencyVisualization.csproj", "{C12BFDD3-9B5A-4C56-B35E-E936B8570887}"
EndProject
Project("{FAE04EC0-301F-11D3-BF4B-00C04F79EFBC}") = "LibraryBuilder", "LibraryBuilder\LibraryBuilder.csproj", "{C8ACA6F7-CAD5-46D3-80E3-909C100C5039}"
EndProject
Global
	GlobalSection(SolutionConfigurationPlatforms) = preSolution
		Debug|Any CPU = Debug|Any CPU
		Release|Any CPU = Release|Any CPU
	EndGlobalSection
	GlobalSection(ProjectConfigurationPlatforms) = postSolution
		{C12BFDD3-9B5A-4C56-B35E-E936B8570887}.Debug|Any CPU.ActiveCfg = Debug|Any CPU
		{C12BFDD3-9B5A-4C56-B35E-E936B8570887}.Debug|Any CPU.Build.0 = Debug|Any CPU
		{C12BFDD3-9B5A-4C56-B35E-E936B8570887}.Release|Any CPU.ActiveCfg = Release|Any CPU
		{C12BFDD3-9B5A-4C56-B35E-E936B8570887}.Release|Any CPU.Build.0 = Release|Any CPU
		{C8ACA6F7-CAD5-46D3-80E3-909C100C5039}.Debug|Any CPU.ActiveCfg = Debug|Any CPU
		{C8ACA6F7-CAD5-46D3-80E3-909C100C5039}.Debug|Any CPU.Build.0 = Debug|Any CPU
		{C8ACA6F7-CAD5-46D3-80E3-909C100C5039}.Release|Any CPU.ActiveCfg = Release|Any CPU
		{C8ACA6F7-CAD5-46D3-80E3-909C100C5039}.Release|Any CPU.Build.0 = Release|Any CPU
	EndGlobalSection
	GlobalSection(SolutionProperties) = preSolution
		HideSolutionNode = FALSE
	EndGlobalSection
	GlobalSection(ExtensibilityGlobals) = postSolution
		SolutionGuid = {B3176372-1EA9-4A2C-9C2D-5D89197E2F81}
	EndGlobalSection
EndGlobal
